
Microsoft Visual Studio Solution File, Format Version 12.00
# Visual Studio Version 16
VisualStudioVersion = 16.0.31702.278
MinimumVisualStudioVersion = 10.0.40219.1
Project("{FAE04EC0-301F-11D3-BF4B-00C04F79EFBC}") = "leituraUSB", "leituraUSB.csproj", "{22D51ACD-8768-49E1-87E9-E14435801F43}"
EndProject
Global
	GlobalSection(SolutionConfigurationPlatforms) = preSolution
		Debug|Any CPU = Debug|Any CPU
		Release|Any CPU = Release|Any CPU
	EndGlobalSection
	GlobalSection(ProjectConfigurationPlatforms) = postSolution
		{22D51ACD-8768-49E1-87E9-E14435801F43}.Debug|Any CPU.ActiveCfg = Debug|Any CPU
		{22D51ACD-8768-49E1-87E9-E14435801F43}.Debug|Any CPU.Build.0 = Debug|Any CPU
		{22D51ACD-8768-49E1-87E9-E14435801F43}.Release|Any CPU.ActiveCfg = Release|Any CPU
		{22D51ACD-8768-49E1-87E9-E14435801F43}.Release|Any CPU.Build.0 = Release|Any CPU
	EndGlobalSection
	GlobalSection(SolutionProperties) = preSolution
		HideSolutionNode = FALSE
	EndGlobalSection
	GlobalSection(ExtensibilityGlobals) = postSolution
		SolutionGuid = {A6B892E8-9976-4084-91A8-BF71F83D6DF1}
	EndGlobalSection
EndGlobal
